github.com/gohugoio/hugo-mod-jslibs-dist/popperjs/v2 v2.21100.20000 h1:GZxx4Hc+yb0/t3/rau1j8XlAxLE4CyXns2fqQbyqWfs=
github.com/gohugoio/hugo-mod-jslibs-dist/popperjs/v2 v2.21100.20000/go.mod h1:mFberT6ZtcchrsDtfvJM7aAH2bDKLdOnruUHl0hlapI=
github.com/hbstack/base v0.2.1 h1:u3lkO9MhjA6HomkJ6hzt0R7sA0u330bo6lbxVrF1FiI=
github.com/hbstack/base v0.2.1/go.mod h1:6SqazoH3UBSuwSHV1kyEDWcIJg+Cef++w8p45VSsSHQ=
github.com/hbstack/base v0.2.2/go.mod h1:hBRf/kdIQnd7iEhBxr6A+jMwwgJC76MbiAin1eUdHkQ=
github.com/hbstack/base v0.3.0/go.mod h1:8ZSFDZyhtd26eNdVF7QyPqmxRg2rCJFxjN1I2iYu5N8=
github.com/hbstack/base v0.4.0/go.mod h1:UrBBIY2xIIv3qLfHU5sX4Z1+vmWv0WuqXoSjco1huIc=
github.com/hbstack/base v0.4.1/go.mod h1:ihI8NSFogNNXLpt7vWEYTGgSWE9UvgnfyFKJqmyOauU=
github.com/hbstack/base v0.4.2/go.mod h1:TimBDf5axaS0vfBwKOo4+NMGO4Qy5G7P8s909I/nd2o=
github.com/hbstack/base v0.4.3/go.mod h1:J5A7oLAuKGyUU3SPhvwhZ9kWvVBRjWyWIANgR+6fppg=
github.com/hbstack/base v0.4.4/go.mod h1:oSKOFOxBtKd2zHjWq68SaF+zgtrNar9icGmRxDGPT0M=
github.com/hbstack/base v0.4.5/go.mod h1:03s6ySDgFTfhIKUc8y1C7xEp8eCtRp0NfYNY57myd1g=
github.com/hbstack/base v0.4.6/go.mod h1:+kxOsRxZqtZG4BF9Vmk8APlSSez95515EQqoz0xPK7M=
github.com/hbstack/base v0.5.0/go.mod h1:4A2bxdXMjpj4HSEnugN7hlFECiap4zUX56jOqtu4YPY=
github.com/hbstack/base v0.5.1/go.mod h1:4A2bxdXMjpj4HSEnugN7hlFECiap4zUX56jOqtu4YPY=
github.com/hbstack/base v0.5.2/go.mod h1:4A2bxdXMjpj4HSEnugN7hlFECiap4zUX56jOqtu4YPY=
github.com/hbstack/base v0.6.0/go.mod h1:4A2bxdXMjpj4HSEnugN7hlFECiap4zUX56jOqtu4YPY=
github.com/hbstack/base v0.6.1/go.mod h1:rDOIrQy8GKXqam3dvHPQnrvwadQByiGcDY1Q35wBrT4=
github.com/hbstack/base v0.6.2/go.mod h1:eO3xP3CJ2Dwc38+FjVqZuzmvT8dYF2D2Dw4Sx4pi9Ng=
github.com/hbstack/carousel v0.2.3 h1:4jCjvd2+MDm9sAp3FOtPVa06JmnNLdfBRTxtkyrXl/M=
github.com/hbstack/carousel v0.2.3/go.mod h1:BUoUKVTPOSoE2iCJABFoCURetHa6OCw6r+gr5DBYavo=
github.com/hbstack/carousel v0.2.4/go.mod h1:AchKlXiqYNZouE3Ee/VSSQle2FUZV5CJgTnPBFI7Gj0=
github.com/hbstack/carousel v0.2.5/go.mod h1:37ffr9r5ilAS4b7KrplyCeOcTPmFd2PMygLo+VPe3oY=
github.com/hbstack/carousel v0.2.6/go.mod h1:XWL7LkRRjyy4g/NF83cnLi49NpWBgW554HGb52lvrzc=
github.com/hbstack/carousel v0.2.7/go.mod h1:jjsMHn99vOq5Vbu9WVyPOq9vm+0NBgWuGaNW6vjumZE=
github.com/hbstack/disqus v0.1.0 h1:z7yE0G9QmSoWGSh/GFkG24Pz9o9uKowoPa3dREWNPMk=
github.com/hbstack/disqus v0.1.0/go.mod h1:DJBv8RCHlcZk7mZCD8KTpFBNUKqlPjh2x/k8jAyWthQ=
github.com/hbstack/disqus v0.1.1/go.mod h1:DY7oRsTTkvcVCdYFQqgUkJLTicLgwku/RQV+Y6OpxlQ=
github.com/hbstack/docs v0.6.4 h1:Uid2yk/x95i2qGfOQ3x06cSlVaHIYl08zNdmdO7D60o=
github.com/hbstack/docs v0.6.4/go.mod h1:kSVzryHYdTGxWh0TF0Nvkk8BoZBQLgiokgPUK8hKfzs=
github.com/hbstack/docs v0.7.0/go.mod h1:gg+Shum/JRUzh/A1/SOT8nXHjokygF39SufrpYsD29s=
github.com/hbstack/docs v0.8.0/go.mod h1:gg+Shum/JRUzh/A1/SOT8nXHjokygF39SufrpYsD29s=
github.com/hbstack/docs v0.9.0/go.mod h1:rXOtp9eVDMJnrIYZzYBSSUlFElj8hJZiaoCh4cv8cPg=
github.com/hbstack/docs v0.10.0/go.mod h1:MPNsuVtGkOZckKppIIvusem151aoO934hv7yj/epWFw=
github.com/hbstack/docs v0.11.0/go.mod h1:lnY3lCyZMU+MjKanhIm+WyBTqIPjLInJgP8ukIzPDtE=
github.com/hbstack/docs v0.11.1/go.mod h1:vzdSxwSyCPWZUSXbLOojFd5YhZDWceyfbSRjLVkvEDs=
github.com/hbstack/docs v0.11.2/go.mod h1:lhMS1RUegW09gWtwJNr9svMjuzREAaFB1OFwusWoZEg=
github.com/hbstack/docs v0.11.3/go.mod h1:r5PqcXIcXb91kEGMrczPPcKYNJou+u/UvEcWHu7bSvo=
github.com/hbstack/docs v0.11.4/go.mod h1:Lmw+6O3fOIrkCBqAYYGgRCCn6iK4Jk3KsftN7KEFO7o=
github.com/hbstack/docs v0.11.5/go.mod h1:scQd01bWyOnI9eIPhEihRFi/fjwSKuPVafGEXuLKSLI=
github.com/hbstack/docs v0.11.6/go.mod h1:/zkJ3wq0ZfDGYuK9SoQ1perr3fuh26+9jaLEQTdapIU=
github.com/hbstack/docs v0.11.7/go.mod h1:cvXBPmA+1TqRIf7CqL6Q3YFO820VsI9ZFEtF91/Uvx0=
github.com/hbstack/docs v0.12.0/go.mod h1:riLih1YZKqRbm7L7roN7Z6AwbCFQMX2xYPVIj/IWqSY=
github.com/hbstack/docs v0.13.0/go.mod h1:75rhXYO+Y2bfCnLqJRVby1IA4b3BBFBmaIpKkLXOXOI=
github.com/hbstack/docs v0.13.1/go.mod h1:iey13n4+pBonrrBX8+GUULMOBIQEyLSlezec7rcwloY=
github.com/hbstack/docs v0.13.2/go.mod h1:PQ3F3OXkDcKxBO46MSSdnqssGBbZjox26kNNx9aAJQ8=
github.com/hbstack/docs v0.14.0/go.mod h1:wXdXKn/rEWXXJyouep5Z4O1Atr898Cxh0Aa36qmKRls=
github.com/hbstack/docs v0.14.1/go.mod h1:wXdXKn/rEWXXJyouep5Z4O1Atr898Cxh0Aa36qmKRls=
github.com/hbstack/docs v0.15.0/go.mod h1:VAj1PCNArRNXMrDnhZEvVlX6QXqgI9mXBChBm91XXYk=
github.com/hbstack/docs v0.16.0/go.mod h1:YJefwfpWdeXDsgkSDCJUnvPadycxDwgnpWHOMUpUNjg=
github.com/hbstack/docs v0.17.0/go.mod h1:yk/D2ab4vnD5cNwoHsnpBDruPFYI6jPzc/rg5xnM0q8=
github.com/hbstack/docs v0.17.1/go.mod h1:8nM1YwlDGfIkb51arJR8Viy35NFkytHfKqKUjdjLb8w=
github.com/hbstack/docs v0.17.2/go.mod h1:8nM1YwlDGfIkb51arJR8Viy35NFkytHfKqKUjdjLb8w=
github.com/hbstack/docs v0.17.3/go.mod h1:kB7GEXmLn1lOE/QUhMHf3hMxTE2n4fwrvbU9AegHGvQ=
github.com/hbstack/docs v0.18.0/go.mod h1:VsGPvObHOsKYEQL6a4LgC2baFmru1O9gZavEsBmrIq0=
github.com/hbstack/docs v0.18.1/go.mod h1:C58ZH20u3yjzwcZL4emE+HIYrudHPAd94/c/xZdqp1w=
github.com/hbstack/docs v0.19.0/go.mod h1:C58ZH20u3yjzwcZL4emE+HIYrudHPAd94/c/xZdqp1w=
github.com/hbstack/docs v0.20.0/go.mod h1:34Lnp91olEaYg2Ipbgx667U2EXz+aNRcPq7VUyYNook=
github.com/hbstack/docs v0.20.1/go.mod h1:34Lnp91olEaYg2Ipbgx667U2EXz+aNRcPq7VUyYNook=
github.com/hbstack/hb v0.7.1 h1:bnlE/KrhOKADI5aydZG822kT1o9QR8I8TdOWugqaMJE=
github.com/hbstack/hb v0.7.1/go.mod h1:S/08mx1tK6yxjQIkSqvpqG8HrBzMBDJq1WC5QjXW9p0=
github.com/hbstack/hb v0.7.2/go.mod h1:ZOmDVAInLN3kwl/uoggHvj9e7dU5UFIcvswIGbNdq4M=
github.com/hbstack/hb v0.8.0/go.mod h1:Z+gW6UsRwuivPcqqEb67h7vSQwSCWOr7KxNXkhcsEzM=
github.com/hbstack/hb v0.8.1/go.mod h1:Z+gW6UsRwuivPcqqEb67h7vSQwSCWOr7KxNXkhcsEzM=
github.com/hbstack/hb v0.9.0/go.mod h1:6T8TytCOb1C0EIRVcjzwuhI/G/H0ytTOaJbT1xwiDuY=
github.com/hbstack/hb v0.9.1/go.mod h1:6T8TytCOb1C0EIRVcjzwuhI/G/H0ytTOaJbT1xwiDuY=
github.com/hbstack/hb v0.9.2/go.mod h1:6T8TytCOb1C0EIRVcjzwuhI/G/H0ytTOaJbT1xwiDuY=
github.com/hbstack/hb v0.10.0/go.mod h1:6T8TytCOb1C0EIRVcjzwuhI/G/H0ytTOaJbT1xwiDuY=
github.com/hbstack/hb v0.11.0/go.mod h1:6T8TytCOb1C0EIRVcjzwuhI/G/H0ytTOaJbT1xwiDuY=
github.com/hbstack/hb v0.11.1/go.mod h1:udGcwypPlkMBU+HmhxwJ31w5q/Zak37X8MWTRPeAaBI=
github.com/hbstack/hb v0.11.2/go.mod h1:8liwfjapaZK09pXP6XqZ49GOqFPTn7H9jIZsy7S6esg=
github.com/hbstack/hb v0.12.0/go.mod h1:8liwfjapaZK09pXP6XqZ49GOqFPTn7H9jIZsy7S6esg=
github.com/hbstack/hb v0.12.1/go.mod h1:8liwfjapaZK09pXP6XqZ49GOqFPTn7H9jIZsy7S6esg=
github.com/hbstack/hb v0.12.2/go.mod h1:gwKZN1bsmMuSjEkI/l/9zJCG0Xz96h0r7Cv/WOjjNjc=
github.com/hbstack/hb v0.12.3/go.mod h1:K+8F6OQKKAVneWZKzW/Jj3vbqaG1ewFIH/P7HKNeF3o=
github.com/hbstack/hb v0.12.4/go.mod h1:FJilVCHtkVpfXZT+Ii2OFCVeu9wQh/YGgRMuPKX5ycA=
github.com/hbstack/hb v0.13.0/go.mod h1:FJilVCHtkVpfXZT+Ii2OFCVeu9wQh/YGgRMuPKX5ycA=
github.com/hbstack/hb v0.14.0/go.mod h1:FJilVCHtkVpfXZT+Ii2OFCVeu9wQh/YGgRMuPKX5ycA=
github.com/hbstack/hb v0.15.1/go.mod h1:FJilVCHtkVpfXZT+Ii2OFCVeu9wQh/YGgRMuPKX5ycA=
github.com/hbstack/hb v0.15.2/go.mod h1:FJilVCHtkVpfXZT+Ii2OFCVeu9wQh/YGgRMuPKX5ycA=
github.com/hbstack/hb v0.15.3/go.mod h1:FJilVCHtkVpfXZT+Ii2OFCVeu9wQh/YGgRMuPKX5ycA=
github.com/hbstack/pagination v0.2.0 h1:1TKy5bLrwkIxHJPLjK+k6Ws9ZO6Lg2ppP+Z1iVvDoAw=
github.com/hbstack/pagination v0.2.0/go.mod h1:IwCFgkfkXMVjudqJ8nHcwQLlXmwx0MRtNFOCd+0I3Vw=
github.com/hbstack/pagination v0.2.1/go.mod h1:rYUcK2N6NxzLiy67xfXzt1xSCE5QKFPYHG3+2hsecYQ=
github.com/hbstack/pagination v0.3.0/go.mod h1:rYUcK2N6NxzLiy67xfXzt1xSCE5QKFPYHG3+2hsecYQ=
github.com/hbstack/pagination v0.4.0/go.mod h1:xAvZzN0UZW0j/IAUipcRIIQ7P9Sq44M3k47HaHy7OuU=
github.com/hbstack/pagination v0.5.0/go.mod h1:xAvZzN0UZW0j/IAUipcRIIQ7P9Sq44M3k47HaHy7OuU=
github.com/hbstack/pagination v0.6.0/go.mod h1:xAvZzN0UZW0j/IAUipcRIIQ7P9Sq44M3k47HaHy7OuU=
github.com/hbstack/pagination v0.7.0/go.mod h1:XaYSS/iReEFQo+fbVAx2YfjP4muWEraVNGeaTcVA35o=
github.com/hbstack/pagination v0.8.0/go.mod h1:XaYSS/iReEFQo+fbVAx2YfjP4muWEraVNGeaTcVA35o=
github.com/hbstack/socials v0.6.0 h1:vnDZLpQmA2tJAHQeOXuFtlzMIoE8rUKahiBRuhkeg3w=
github.com/hbstack/socials v0.6.0/go.mod h1:vOckvjx7Tvhg+QJ4rKR7lTj3GytBMACj1Q43V459J5Q=
github.com/hbstack/socials v0.7.0/go.mod h1:0IViwiReyAknJBIXFqhThn6m13jbib6lLFYfMIWZYzY=
github.com/hbstack/socials v0.8.0/go.mod h1:D9aDcI9L3rlQpCPhpPfPUerKmH0Fr6LezwLJYeFWfRQ=
github.com/hbstack/socials v0.9.0/go.mod h1:8H+ztN27J59oWcQyQTFj95HsauF2a22GXqQlNMGTQw4=
github.com/hbstack/socials v0.10.0/go.mod h1:VeK9k0+f+HsKuPbVAqRwwz5KqWm+2+NlYlJsMdja4c8=
github.com/hbstack/socials v0.11.0/go.mod h1:VeK9k0+f+HsKuPbVAqRwwz5KqWm+2+NlYlJsMdja4c8=
github.com/hbstack/socials v0.12.0/go.mod h1:VeK9k0+f+HsKuPbVAqRwwz5KqWm+2+NlYlJsMdja4c8=
github.com/hbstack/socials v0.13.0/go.mod h1:xCbwzO1NzuLhll79QlkG9r/wS0r3Hl5Cy+GhxZBqceo=
github.com/hbstack/socials v0.14.0/go.mod h1:xCbwzO1NzuLhll79QlkG9r/wS0r3Hl5Cy+GhxZBqceo=
github.com/hbstack/socials v0.14.1/go.mod h1:xCbwzO1NzuLhll79QlkG9r/wS0r3Hl5Cy+GhxZBqceo=
github.com/hbstack/socials v0.15.0/go.mod h1:Bu1TdfuxLKtpEImsmuvB8OwbYJaGzOriQbOh3u7gTtc=
github.com/hbstack/socials v0.16.0/go.mod h1:9pfExMNoBMnQ0JV2ODURqUQsEC/HlgUo9b3jXdrHNM4=
github.com/hbstack/socials v0.17.0/go.mod h1:bGfRrGxVWfvwseOzJ+13vHhHpZ+e+f2z8k4ypPBhH10=
github.com/hugomods/gravatar v0.2.0 h1:642HNhGN7Mw7qefNcUFJKzLoT2zJKt4IQkrS53mIUfA=
github.com/hugomods/gravatar v0.2.0/go.mod h1:oATWuh5u2XUK/ZKzOD0VEP5I/TZfVZwplTyhT61Q4Fc=
github.com/hugomods/images v0.8.0 h1:rsI+Akwbz+Vd3mI0leAlCD8R696usHw13nH972mTe4E=
github.com/hugomods/images v0.8.0/go.mod h1:U6Gwj16LKvk66rOMyGFrnF6f0aV8lT89lqOsckOAjYY=
github.com/hugomods/images v0.8.1/go.mod h1:U6Gwj16LKvk66rOMyGFrnF6f0aV8lT89lqOsckOAjYY=
github.com/hugomods/images v0.8.2/go.mod h1:U6Gwj16LKvk66rOMyGFrnF6f0aV8lT89lqOsckOAjYY=
github.com/hugomods/images v0.8.3/go.mod h1:U6Gwj16LKvk66rOMyGFrnF6f0aV8lT89lqOsckOAjYY=
github.com/hugomods/images v0.8.4/go.mod h1:U6Gwj16LKvk66rOMyGFrnF6f0aV8lT89lqOsckOAjYY=
github.com/hugomods/images v0.9.0/go.mod h1:U6Gwj16LKvk66rOMyGFrnF6f0aV8lT89lqOsckOAjYY=
github.com/hugomods/images v0.9.1/go.mod h1:U6Gwj16LKvk66rOMyGFrnF6f0aV8lT89lqOsckOAjYY=
github.com/hugomods/images v0.9.2/go.mod h1:U6Gwj16LKvk66rOMyGFrnF6f0aV8lT89lqOsckOAjYY=
github.com/hugomods/images v0.9.3/go.mod h1:U6Gwj16LKvk66rOMyGFrnF6f0aV8lT89lqOsckOAjYY=
github.com/hugomods/images v0.10.0/go.mod h1:U6Gwj16LKvk66rOMyGFrnF6f0aV8lT89lqOsckOAjYY=
github.com/hugomods/images v0.10.1/go.mod h1:U6Gwj16LKvk66rOMyGFrnF6f0aV8lT89lqOsckOAjYY=
github.com/hugomods/images v0.11.0/go.mod h1:U6Gwj16LKvk66rOMyGFrnF6f0aV8lT89lqOsckOAjYY=
github.com/hugomods/images v0.11.2/go.mod h1:U6Gwj16LKvk66rOMyGFrnF6f0aV8lT89lqOsckOAjYY=
github.com/hugomods/simple-icons v9.18.0+incompatible h1:ODoTOwW/t+FSChRQ+ajYyR7GYZejV0TZwqfY6qrzWb0=
github.com/hugomods/simple-icons v9.18.0+incompatible/go.mod h1:1Lvymol7AMVY7ji/o88jMoDHHZIJ5Wc+WwNe5hjmk+U=
github.com/hugomods/simple-icons v9.19.0+incompatible/go.mod h1:1Lvymol7AMVY7ji/o88jMoDHHZIJ5Wc+WwNe5hjmk+U=
github.com/hugomods/simple-icons v9.19.1+incompatible/go.mod h1:1Lvymol7AMVY7ji/o88jMoDHHZIJ5Wc+WwNe5hjmk+U=
github.com/hugomods/simple-icons v9.20.0+incompatible/go.mod h1:1Lvymol7AMVY7ji/o88jMoDHHZIJ5Wc+WwNe5hjmk+U=
github.com/hugomods/simple-icons v9.21.0+incompatible/go.mod h1:1Lvymol7AMVY7ji/o88jMoDHHZIJ5Wc+WwNe5hjmk+U=
github.com/hugomods/simple-icons v10.0.0+incompatible/go.mod h1:1Lvymol7AMVY7ji/o88jMoDHHZIJ5Wc+WwNe5hjmk+U=
github.com/hugomods/simple-icons v10.2.0+incompatible/go.mod h1:1Lvymol7AMVY7ji/o88jMoDHHZIJ5Wc+WwNe5hjmk+U=
github.com/hugomods/simple-icons v10.3.0+incompatible/go.mod h1:1Lvymol7AMVY7ji/o88jMoDHHZIJ5Wc+WwNe5hjmk+U=
github.com/hugomods/simple-icons v10.4.0+incompatible/go.mod h1:1Lvymol7AMVY7ji/o88jMoDHHZIJ5Wc+WwNe5hjmk+U=
github.com/hugomods/simple-icons v11.0.0+incompatible/go.mod h1:1Lvymol7AMVY7ji/o88jMoDHHZIJ5Wc+WwNe5hjmk+U=
github.com/hugomods/simple-icons v11.1.0+incompatible/go.mod h1:1Lvymol7AMVY7ji/o88jMoDHHZIJ5Wc+WwNe5hjmk+U=
github.com/hugomods/simple-icons v11.4.0+incompatible/go.mod h1:1Lvymol7AMVY7ji/o88jMoDHHZIJ5Wc+WwNe5hjmk+U=
github.com/hugomods/simple-icons v11.6.0+incompatible/go.mod h1:1Lvymol7AMVY7ji/o88jMoDHHZIJ5Wc+WwNe5hjmk+U=
github.com/hugomods/simple-icons v11.8.0+incompatible/go.mod h1:1Lvymol7AMVY7ji/o88jMoDHHZIJ5Wc+WwNe5hjmk+U=
github.com/hugomods/simple-icons v11.9.0+incompatible/go.mod h1:1Lvymol7AMVY7ji/o88jMoDHHZIJ5Wc+WwNe5hjmk+U=
github.com/hugomods/simple-icons v11.10.0+incompatible/go.mod h1:1Lvymol7AMVY7ji/o88jMoDHHZIJ5Wc+WwNe5hjmk+U=
github.com/hugomods/simple-icons v11.11.0+incompatible/go.mod h1:1Lvymol7AMVY7ji/o88jMoDHHZIJ5Wc+WwNe5hjmk+U=
github.com/hugomods/simple-icons v11.13.0+incompatible/go.mod h1:1Lvymol7AMVY7ji/o88jMoDHHZIJ5Wc+WwNe5hjmk+U=
github.com/hugomods/simple-icons v11.14.0+incompatible/go.mod h1:1Lvymol7AMVY7ji/o88jMoDHHZIJ5Wc+WwNe5hjmk+U=
github.com/hugomods/simple-icons v11.15.0+incompatible/go.mod h1:1Lvymol7AMVY7ji/o88jMoDHHZIJ5Wc+WwNe5hjmk+U=
github.com/hugomods/simple-icons v12.0.0+incompatible/go.mod h1:1Lvymol7AMVY7ji/o88jMoDHHZIJ5Wc+WwNe5hjmk+U=
github.com/hugomods/simple-icons v12.1.0+incompatible/go.mod h1:1Lvymol7AMVY7ji/o88jMoDHHZIJ5Wc+WwNe5hjmk+U=
github.com/hugomods/simple-icons v12.2.0+incompatible/go.mod h1:1Lvymol7AMVY7ji/o88jMoDHHZIJ5Wc+WwNe5hjmk+U=
github.com/hugomods/simple-icons v12.3.0+incompatible/go.mod h1:1Lvymol7AMVY7ji/o88jMoDHHZIJ5Wc+WwNe5hjmk+U=
github.com/hugomods/simple-icons v12.4.0+incompatible/go.mod h1:1Lvymol7AMVY7ji/o88jMoDHHZIJ5Wc+WwNe5hjmk+U=
github.com/hugomods/simple-icons v13.0.0+incompatible/go.mod h1:1Lvymol7AMVY7ji/o88jMoDHHZIJ5Wc+WwNe5hjmk+U=
github.com/hugomods/simple-icons v13.1.0+incompatible/go.mod h1:1Lvymol7AMVY7ji/o88jMoDHHZIJ5Wc+WwNe5hjmk+U=
github.com/hugomods/simple-icons v13.2.0+incompatible/go.mod h1:1Lvymol7AMVY7ji/o88jMoDHHZIJ5Wc+WwNe5hjmk+U=
github.com/hugomods/simple-icons v13.3.0+incompatible/go.mod h1:1Lvymol7AMVY7ji/o88jMoDHHZIJ5Wc+WwNe5hjmk+U=
github.com/hugomods/simple-icons v13.4.0+incompatible/go.mod h1:1Lvymol7AMVY7ji/o88jMoDHHZIJ5Wc+WwNe5hjmk+U=
github.com/hugomods/simple-icons v13.5.0+incompatible/go.mod h1:1Lvymol7AMVY7ji/o88jMoDHHZIJ5Wc+WwNe5hjmk+U=
github.com/hugomods/simple-icons v13.6.0+incompatible/go.mod h1:1Lvymol7AMVY7ji/o88jMoDHHZIJ5Wc+WwNe5hjmk+U=
github.com/hugomods/simple-icons v13.7.0+incompatible/go.mod h1:1Lvymol7AMVY7ji/o88jMoDHHZIJ5Wc+WwNe5hjmk+U=
github.com/hugomods/simple-icons v13.8.0+incompatible/go.mod h1:1Lvymol7AMVY7ji/o88jMoDHHZIJ5Wc+WwNe5hjmk+U=
github.com/hugomods/simple-icons v13.10.0+incompatible/go.mod h1:1Lvymol7AMVY7ji/o88jMoDHHZIJ5Wc+WwNe5hjmk+U=
github.com/hugomods/simple-icons v13.11.0+incompatible/go.mod h1:1Lvymol7AMVY7ji/o88jMoDHHZIJ5Wc+WwNe5hjmk+U=
github.com/hugomods/simple-icons v13.12.0+incompatible/go.mod h1:1Lvymol7AMVY7ji/o88jMoDHHZIJ5Wc+WwNe5hjmk+U=
github.com/hugomods/simple-icons v13.13.0+incompatible/go.mod h1:1Lvymol7AMVY7ji/o88jMoDHHZIJ5Wc+WwNe5hjmk+U=
github.com/hugomods/simple-icons v13.14.0+incompatible/go.mod h1:1Lvymol7AMVY7ji/o88jMoDHHZIJ5Wc+WwNe5hjmk+U=
