github.com/gohugoio/hugo-mod-jslibs-dist/popperjs/v2 v2.21100.20000 h1:GZxx4Hc+yb0/t3/rau1j8XlAxLE4CyXns2fqQbyqWfs=
github.com/gohugoio/hugo-mod-jslibs-dist/popperjs/v2 v2.21100.20000/go.mod h1:mFberT6ZtcchrsDtfvJM7aAH2bDKLdOnruUHl0hlapI=
github.com/hbstack/base v0.2.0 h1:BtLH7i8uxUM5TMr1kaaVeJ/Yu/5FeZJ1MquxPFXgpNU=
github.com/hbstack/base v0.2.0/go.mod h1:f0mafnZoiQ3YYvRb82o605NEQVbQ3wzRYzhW4PZjrJ4=
github.com/hbstack/carousel v0.2.1 h1:H9hEZ/ea+D/ztllHPQFhZljta2D9tIQHWdNKceMTatU=
github.com/hbstack/carousel v0.2.1/go.mod h1:ygxbeQDgxnDcu6FPdJzS/aacSyn+exgRpjpsRhsMVU0=
github.com/hbstack/carousel v0.2.2/go.mod h1:7ksA42jkP82YsGJqKOU9izqiZBLpIBDBuMY6+IAuTZI=
github.com/hbstack/docs v0.5.0 h1:5zK61sTYV1p3Sjub6iQKpbVKnfbloOodXoDGA++domE=
github.com/hbstack/docs v0.5.0/go.mod h1:9oKZEnqoUxg7+bn13yhUBbY1WzmWmW51O8kYyOKEo4w=
github.com/hbstack/docs v0.6.0/go.mod h1:z8VxwLJBWlAcOuhX3HYkaJZNI1GH+4MHXkxyhLbGD0M=
github.com/hbstack/docs v0.6.1/go.mod h1:z8VxwLJBWlAcOuhX3HYkaJZNI1GH+4MHXkxyhLbGD0M=
github.com/hbstack/featured-image v0.1.0 h1:EGrCHV/EOsxXZGEvfQANgVD/Ic4U4UW7ECrDHJeRZWA=
github.com/hbstack/featured-image v0.1.0/go.mod h1:852gAzpUazWw9Eu57VrVfU/RvqMo7kl9BMzEC3xxscg=
github.com/hbstack/featured-image v0.1.1/go.mod h1:JniIDVMJnbvsR5cVVhsCpTMlvquZwo//pgbL5iyYWTA=
github.com/hbstack/hb v0.5.0 h1:5KopgFbczqA1PKcWS1X8YWMjMq698MlasTF8FxH5E4U=
github.com/hbstack/hb v0.5.0/go.mod h1:37E1uTMQx1Hix+VdwlWkW74fi3ct5+KlCCBywv9l3Ac=
github.com/hbstack/hb v0.5.1/go.mod h1:qlNnPNO1MRsrxxDvFMz98DMFafaBgvtAfBYiteR3i1A=
github.com/hbstack/pagination v0.2.0 h1:1TKy5bLrwkIxHJPLjK+k6Ws9ZO6Lg2ppP+Z1iVvDoAw=
github.com/hbstack/pagination v0.2.0/go.mod h1:IwCFgkfkXMVjudqJ8nHcwQLlXmwx0MRtNFOCd+0I3Vw=
github.com/hbstack/socials v0.2.0 h1:qBx25+liXAo0eYzBIteT77LCYacwAuQSvBQ4eFc9Mic=
github.com/hbstack/socials v0.2.0/go.mod h1:USfubzam3XxG/jh/zLv2htW3DGf15NLibPx0AhBhXa0=
github.com/hugomods/gravatar v0.2.0 h1:642HNhGN7Mw7qefNcUFJKzLoT2zJKt4IQkrS53mIUfA=
github.com/hugomods/gravatar v0.2.0/go.mod h1:oATWuh5u2XUK/ZKzOD0VEP5I/TZfVZwplTyhT61Q4Fc=
github.com/hugomods/images v0.5.1 h1:nu5Rn993nsyHUS4k0Y+347nbKv2QhMPVkSNMggztk9A=
github.com/hugomods/images v0.5.1/go.mod h1:U6Gwj16LKvk66rOMyGFrnF6f0aV8lT89lqOsckOAjYY=
github.com/hugomods/images v0.6.0/go.mod h1:U6Gwj16LKvk66rOMyGFrnF6f0aV8lT89lqOsckOAjYY=
github.com/hugomods/images v0.7.0/go.mod h1:U6Gwj16LKvk66rOMyGFrnF6f0aV8lT89lqOsckOAjYY=
github.com/hugomods/simple-icons v8.15.0+incompatible h1:LOmwAM9DB/fTvQo7qPunZNQk0Q1iKdsNgkswIkRqAmE=
github.com/hugomods/simple-icons v8.15.0+incompatible/go.mod h1:1Lvymol7AMVY7ji/o88jMoDHHZIJ5Wc+WwNe5hjmk+U=
github.com/hugomods/simple-icons v9.0.0+incompatible/go.mod h1:1Lvymol7AMVY7ji/o88jMoDHHZIJ5Wc+WwNe5hjmk+U=
github.com/hugomods/simple-icons v9.1.0+incompatible/go.mod h1:1Lvymol7AMVY7ji/o88jMoDHHZIJ5Wc+WwNe5hjmk+U=
github.com/hugomods/simple-icons v9.2.0+incompatible/go.mod h1:1Lvymol7AMVY7ji/o88jMoDHHZIJ5Wc+WwNe5hjmk+U=
github.com/hugomods/simple-icons v9.3.0+incompatible/go.mod h1:1Lvymol7AMVY7ji/o88jMoDHHZIJ5Wc+WwNe5hjmk+U=
github.com/hugomods/simple-icons v9.4.0+incompatible/go.mod h1:1Lvymol7AMVY7ji/o88jMoDHHZIJ5Wc+WwNe5hjmk+U=
github.com/hugomods/simple-icons v9.5.0+incompatible/go.mod h1:1Lvymol7AMVY7ji/o88jMoDHHZIJ5Wc+WwNe5hjmk+U=
github.com/hugomods/simple-icons v9.6.0+incompatible/go.mod h1:1Lvymol7AMVY7ji/o88jMoDHHZIJ5Wc+WwNe5hjmk+U=
github.com/hugomods/simple-icons v9.7.0+incompatible/go.mod h1:1Lvymol7AMVY7ji/o88jMoDHHZIJ5Wc+WwNe5hjmk+U=
github.com/hugomods/simple-icons v9.8.0+incompatible/go.mod h1:1Lvymol7AMVY7ji/o88jMoDHHZIJ5Wc+WwNe5hjmk+U=
